
Microsoft Visual Studio Solution File, Format Version 12.00
# Visual Studio Version 17
VisualStudioVersion = 17.7.34024.191
MinimumVisualStudioVersion = 10.0.40219.1
Project("{FAE04EC0-301F-11D3-BF4B-00C04F79EFBC}") = "ChainOfRespProject", "ChainOfRespProject\ChainOfRespProject.csproj", "{A26FE42B-F177-488A-A629-0AB09BA7FAEF}"
EndProject
Global
	GlobalSection(SolutionConfigurationPlatforms) = preSolution
		Debug|Any CPU = Debug|Any CPU
		Release|Any CPU = Release|Any CPU
	EndGlobalSection
	GlobalSection(ProjectConfigurationPlatforms) = postSolution
		{A26FE42B-F177-488A-A629-0AB09BA7FAEF}.Debug|Any CPU.ActiveCfg = Debug|Any CPU
		{A26FE42B-F177-488A-A629-0AB09BA7FAEF}.Debug|Any CPU.Build.0 = Debug|Any CPU
		{A26FE42B-F177-488A-A629-0AB09BA7FAEF}.Release|Any CPU.ActiveCfg = Release|Any CPU
		{A26FE42B-F177-488A-A629-0AB09BA7FAEF}.Release|Any CPU.Build.0 = Release|Any CPU
	EndGlobalSection
	GlobalSection(SolutionProperties) = preSolution
		HideSolutionNode = FALSE
	EndGlobalSection
	GlobalSection(ExtensibilityGlobals) = postSolution
		SolutionGuid = {F40B2FAB-11A0-43AF-986C-59E36795E70E}
	EndGlobalSection
EndGlobal
